
Microsoft Visual Studio Solution File, Format Version 12.00
# Visual Studio 15
VisualStudioVersion = 15.0.33423.255
MinimumVisualStudioVersion = 10.0.40219.1
Project("{FAE04EC0-301F-11D3-BF4B-00C04F79EFBC}") = "DenemeClient", "EzgiDenemeClient\DenemeClient.csproj", "{942B670C-3D2D-4CD1-BF6C-7973E6801D34}"
EndProject
Global
	GlobalSection(SolutionConfigurationPlatforms) = preSolution
		Debug|Any CPU = Debug|Any CPU
		Release|Any CPU = Release|Any CPU
	EndGlobalSection
	GlobalSection(ProjectConfigurationPlatforms) = postSolution
		{942B670C-3D2D-4CD1-BF6C-7973E6801D34}.Debug|Any CPU.ActiveCfg = Debug|Any CPU
		{942B670C-3D2D-4CD1-BF6C-7973E6801D34}.Debug|Any CPU.Build.0 = Debug|Any CPU
		{942B670C-3D2D-4CD1-BF6C-7973E6801D34}.Release|Any CPU.ActiveCfg = Release|Any CPU
		{942B670C-3D2D-4CD1-BF6C-7973E6801D34}.Release|Any CPU.Build.0 = Release|Any CPU
	EndGlobalSection
	GlobalSection(SolutionProperties) = preSolution
		HideSolutionNode = FALSE
	EndGlobalSection
	GlobalSection(ExtensibilityGlobals) = postSolution
		SolutionGuid = {D789AE46-1D30-4188-B570-3C598C959B04}
	EndGlobalSection
EndGlobal
