
Microsoft Visual Studio Solution File, Format Version 12.00
# Visual Studio 15
VisualStudioVersion = 15.0.33423.255
MinimumVisualStudioVersion = 10.0.40219.1
Project("{FAE04EC0-301F-11D3-BF4B-00C04F79EFBC}") = "DenemeServer", "EzgiDenemeServer\DenemeServer.csproj", "{78055EED-8482-4833-9E70-7C322B5E624D}"
EndProject
Global
	GlobalSection(SolutionConfigurationPlatforms) = preSolution
		Debug|Any CPU = Debug|Any CPU
		Release|Any CPU = Release|Any CPU
	EndGlobalSection
	GlobalSection(ProjectConfigurationPlatforms) = postSolution
		{78055EED-8482-4833-9E70-7C322B5E624D}.Debug|Any CPU.ActiveCfg = Debug|Any CPU
		{78055EED-8482-4833-9E70-7C322B5E624D}.Debug|Any CPU.Build.0 = Debug|Any CPU
		{78055EED-8482-4833-9E70-7C322B5E624D}.Release|Any CPU.ActiveCfg = Release|Any CPU
		{78055EED-8482-4833-9E70-7C322B5E624D}.Release|Any CPU.Build.0 = Release|Any CPU
	EndGlobalSection
	GlobalSection(SolutionProperties) = preSolution
		HideSolutionNode = FALSE
	EndGlobalSection
	GlobalSection(ExtensibilityGlobals) = postSolution
		SolutionGuid = {FD8BFDB2-0437-4BD6-9A0C-357882582AAA}
	EndGlobalSection
EndGlobal
